// !$*UTF8*$!
{
	archiveVersion = 1;
	classes = {
	};
	objectVersion = 77;
	objects = {

/* Begin PBXBuildFile section */
		0A66F3F62D8940DA00704193 /* MapboxMaps in Frameworks */ = {isa = PBXBuildFile; productRef = 0A66F3F52D8940DA00704193 /* MapboxMaps */; };
		0A66F3F92D89422C00704193 /* MapboxMaps in Frameworks */ = {isa = PBXBuildFile; productRef = 0A66F3F82D89422C00704193 /* MapboxMaps */; };
/* End PBXBuildFile section */

/* Begin PBXContainerItemProxy section */
		0A66F3D42D8936EC00704193 /* PBXContainerItemProxy */ = {
			isa = PBXContainerItemProxy;
			containerPortal = 0A66F3BB2D8936EB00704193 /* Project object */;
			proxyType = 1;
			remoteGlobalIDString = 0A66F3C22D8936EB00704193;
			remoteInfo = DasherHomescreen;
		};
		0A66F3DE2D8936EC00704193 /* PBXContainerItemProxy */ = {
			isa = PBXContainerItemProxy;
			containerPortal = 0A66F3BB2D8936EB00704193 /* Project object */;
			proxyType = 1;
			remoteGlobalIDString = 0A66F3C22D8936EB00704193;
			remoteInfo = DasherHomescreen;
		};
/* End PBXContainerItemProxy section */

/* Begin PBXFileReference section */
		0A66F3C32D8936EB00704193 /* DasherHomescreen.app */ = {isa = PBXFileReference; explicitFileType = wrapper.application; includeInIndex = 0; path = DasherHomescreen.app; sourceTree = BUILT_PRODUCTS_DIR; };
		0A66F3D32D8936EC00704193 /* DasherHomescreenTests.xctest */ = {isa = PBXFileReference; explicitFileType = wrapper.cfbundle; includeInIndex = 0; path = DasherHomescreenTests.xctest; sourceTree = BUILT_PRODUCTS_DIR; };
		0A66F3DD2D8936EC00704193 /* DasherHomescreenUITests.xctest */ = {isa = PBXFileReference; explicitFileType = wrapper.cfbundle; includeInIndex = 0; path = DasherHomescreenUITests.xctest; sourceTree = BUILT_PRODUCTS_DIR; };
/* End PBXFileReference section */

/* Begin PBXFileSystemSynchronizedBuildFileExceptionSet section */
		0A66F3F32D893FC400704193 /* Exceptions for "DasherHomescreen" folder in "DasherHomescreen" target */ = {
			isa = PBXFileSystemSynchronizedBuildFileExceptionSet;
			membershipExceptions = (
				Info.plist,
			);
			target = 0A66F3C22D8936EB00704193 /* DasherHomescreen */;
		};
/* End PBXFileSystemSynchronizedBuildFileExceptionSet section */

/* Begin PBXFileSystemSynchronizedRootGroup section */
		0A66F3C52D8936EB00704193 /* DasherHomescreen */ = {
			isa = PBXFileSystemSynchronizedRootGroup;
			exceptions = (
				0A66F3F32D893FC400704193 /* Exceptions for "DasherHomescreen" folder in "DasherHomescreen" target */,
			);
			path = DasherHomescreen;
			sourceTree = "<group>";
		};
		0A66F3D62D8936EC00704193 /* DasherHomescreenTests */ = {
			isa = PBXFileSystemSynchronizedRootGroup;
			path = DasherHomescreenTests;
			sourceTree = "<group>";
		};
		0A66F3E02D8936EC00704193 /* DasherHomescreenUITests */ = {
			isa = PBXFileSystemSynchronizedRootGroup;
			path = DasherHomescreenUITests;
			sourceTree = "<group>";
		};
/* End PBXFileSystemSynchronizedRootGroup section */

/* Begin PBXFrameworksBuildPhase section */
		0A66F3C02D8936EB00704193 /* Frameworks */ = {
			isa = PBXFrameworksBuildPhase;
			buildActionMask = 2147483647;
			files = (
				0A66F3F62D8940DA00704193 /* MapboxMaps in Frameworks */,
			);
			runOnlyForDeploymentPostprocessing = 0;
		};
		0A66F3D02D8936EC00704193 /* Frameworks */ = {
			isa = PBXFrameworksBuildPhase;
			buildActionMask = 2147483647;
			files = (
				0A66F3F92D89422C00704193 /* MapboxMaps in Frameworks */,
			);
			runOnlyForDeploymentPostprocessing = 0;
		};
		0A66F3DA2D8936EC00704193 /* Frameworks */ = {
			isa = PBXFrameworksBuildPhase;
			buildActionMask = 2147483647;
			files = (
			);
			runOnlyForDeploymentPostprocessing = 0;
		};
/* End PBXFrameworksBuildPhase section */

/* Begin PBXGroup section */
		0A66F3BA2D8936EB00704193 = {
			isa = PBXGroup;
			children = (
				0A66F3C52D8936EB00704193 /* DasherHomescreen */,
				0A66F3D62D8936EC00704193 /* DasherHomescreenTests */,
				0A66F3E02D8936EC00704193 /* DasherHomescreenUITests */,
				0A66F3F72D89422C00704193 /* Frameworks */,
				0A66F3C42D8936EB00704193 /* Products */,
			);
			sourceTree = "<group>";
		};
		0A66F3C42D8936EB00704193 /* Products */ = {
			isa = PBXGroup;
			children = (
				0A66F3C32D8936EB00704193 /* DasherHomescreen.app */,
				0A66F3D32D8936EC00704193 /* DasherHomescreenTests.xctest */,
				0A66F3DD2D8936EC00704193 /* DasherHomescreenUITests.xctest */,
			);
			name = Products;
			sourceTree = "<group>";
		};
		0A66F3F72D89422C00704193 /* Frameworks */ = {
			isa = PBXGroup;
			children = (
			);
			name = Frameworks;
			sourceTree = "<group>";
		};
/* End PBXGroup section */

/* Begin PBXNativeTarget section */
		0A66F3C22D8936EB00704193 /* DasherHomescreen */ = {
			isa = PBXNativeTarget;
			buildConfigurationList = 0A66F3E72D8936EC00704193 /* Build configuration list for PBXNativeTarget "DasherHomescreen" */;
			buildPhases = (
				0A66F3BF2D8936EB00704193 /* Sources */,
				0A66F3C02D8936EB00704193 /* Frameworks */,
				0A66F3C12D8936EB00704193 /* Resources */,
			);
			buildRules = (
			);
			dependencies = (
			);
			fileSystemSynchronizedGroups = (
				0A66F3C52D8936EB00704193 /* DasherHomescreen */,
			);
			name = DasherHomescreen;
			packageProductDependencies = (
				0A66F3F52D8940DA00704193 /* MapboxMaps */,
			);
			productName = DasherHomescreen;
			productReference = 0A66F3C32D8936EB00704193 /* DasherHomescreen.app */;
			productType = "com.apple.product-type.application";
		};
		0A66F3D22D8936EC00704193 /* DasherHomescreenTests */ = {
			isa = PBXNativeTarget;
			buildConfigurationList = 0A66F3EA2D8936EC00704193 /* Build configuration list for PBXNativeTarget "DasherHomescreenTests" */;
			buildPhases = (
				0A66F3CF2D8936EC00704193 /* Sources */,
				0A66F3D02D8936EC00704193 /* Frameworks */,
				0A66F3D12D8936EC00704193 /* Resources */,
			);
			buildRules = (
			);
			dependencies = (
				0A66F3D52D8936EC00704193 /* PBXTargetDependency */,
			);
			fileSystemSynchronizedGroups = (
				0A66F3D62D8936EC00704193 /* DasherHomescreenTests */,
			);
			name = DasherHomescreenTests;
			packageProductDependencies = (
				0A66F3F82D89422C00704193 /* MapboxMaps */,
			);
			productName = DasherHomescreenTests;
			productReference = 0A66F3D32D8936EC00704193 /* DasherHomescreenTests.xctest */;
			productType = "com.apple.product-type.bundle.unit-test";
		};
		0A66F3DC2D8936EC00704193 /* DasherHomescreenUITests */ = {
			isa = PBXNativeTarget;
			buildConfigurationList = 0A66F3ED2D8936EC00704193 /* Build configuration list for PBXNativeTarget "DasherHomescreenUITests" */;
			buildPhases = (
				0A66F3D92D8936EC00704193 /* Sources */,
				0A66F3DA2D8936EC00704193 /* Frameworks */,
				0A66F3DB2D8936EC00704193 /* Resources */,
			);
			buildRules = (
			);
			dependencies = (
				0A66F3DF2D8936EC00704193 /* PBXTargetDependency */,
			);
			fileSystemSynchronizedGroups = (
				0A66F3E02D8936EC00704193 /* DasherHomescreenUITests */,
			);
			name = DasherHomescreenUITests;
			packageProductDependencies = (
			);
			productName = DasherHomescreenUITests;
			productReference = 0A66F3DD2D8936EC00704193 /* DasherHomescreenUITests.xctest */;
			productType = "com.apple.product-type.bundle.ui-testing";
		};
/* End PBXNativeTarget section */

/* Begin PBXProject section */
		0A66F3BB2D8936EB00704193 /* Project object */ = {
			isa = PBXProject;
			attributes = {
				BuildIndependentTargetsInParallel = 1;
				LastSwiftUpdateCheck = 1620;
				LastUpgradeCheck = 1620;
				TargetAttributes = {
					0A66F3C22D8936EB00704193 = {
						CreatedOnToolsVersion = 16.2;
					};
					0A66F3D22D8936EC00704193 = {
						CreatedOnToolsVersion = 16.2;
						TestTargetID = 0A66F3C22D8936EB00704193;
					};
					0A66F3DC2D8936EC00704193 = {
						CreatedOnToolsVersion = 16.2;
						TestTargetID = 0A66F3C22D8936EB00704193;
					};
				};
			};
			buildConfigurationList = 0A66F3BE2D8936EB00704193 /* Build configuration list for PBXProject "DasherHomescreen" */;
			developmentRegion = en;
			hasScannedForEncodings = 0;
			knownRegions = (
				en,
				Base,
			);
			mainGroup = 0A66F3BA2D8936EB00704193;
			minimizedProjectReferenceProxies = 1;
			packageReferences = (
				0A66F3F42D8940DA00704193 /* XCRemoteSwiftPackageReference "mapbox-maps-ios" */,
			);
			preferredProjectObjectVersion = 77;
			productRefGroup = 0A66F3C42D8936EB00704193 /* Products */;
			projectDirPath = "";
			projectRoot = "";
			targets = (
				0A66F3C22D8936EB00704193 /* DasherHomescreen */,
				0A66F3D22D8936EC00704193 /* DasherHomescreenTests */,
				0A66F3DC2D8936EC00704193 /* DasherHomescreenUITests */,
			);
		};
/* End PBXProject section */

/* Begin PBXResourcesBuildPhase section */
		0A66F3C12D8936EB00704193 /* Resources */ = {
			isa = PBXResourcesBuildPhase;
			buildActionMask = 2147483647;
			files = (
			);
			runOnlyForDeploymentPostprocessing = 0;
		};
		0A66F3D12D8936EC00704193 /* Resources */ = {
			isa = PBXResourcesBuildPhase;
			buildActionMask = 2147483647;
			files = (
			);
			runOnlyForDeploymentPostprocessing = 0;
		};
		0A66F3DB2D8936EC00704193 /* Resources */ = {
			isa = PBXResourcesBuildPhase;
			buildActionMask = 2147483647;
			files = (
			);
			runOnlyForDeploymentPostprocessing = 0;
		};
/* End PBXResourcesBuildPhase section */

/* Begin PBXSourcesBuildPhase section */
		0A66F3BF2D8936EB00704193 /* Sources */ = {
			isa = PBXSourcesBuildPhase;
			buildActionMask = 2147483647;
			files = (
			);
			runOnlyForDeploymentPostprocessing = 0;
		};
		0A66F3CF2D8936EC00704193 /* Sources */ = {
			isa = PBXSourcesBuildPhase;
			buildActionMask = 2147483647;
			files = (
			);
			runOnlyForDeploymentPostprocessing = 0;
		};
		0A66F3D92D8936EC00704193 /* Sources */ = {
			isa = PBXSourcesBuildPhase;
			buildActionMask = 2147483647;
			files = (
			);
			runOnlyForDeploymentPostprocessing = 0;
		};
/* End PBXSourcesBuildPhase section */

/* Begin PBXTargetDependency section */
		0A66F3D52D8936EC00704193 /* PBXTargetDependency */ = {
			isa = PBXTargetDependency;
			target = 0A66F3C22D8936EB00704193 /* DasherHomescreen */;
			targetProxy = 0A66F3D42D8936EC00704193 /* PBXContainerItemProxy */;
		};
		0A66F3DF2D8936EC00704193 /* PBXTargetDependency */ = {
			isa = PBXTargetDependency;
			target = 0A66F3C22D8936EB00704193 /* DasherHomescreen */;
			targetProxy = 0A66F3DE2D8936EC00704193 /* PBXContainerItemProxy */;
		};
/* End PBXTargetDependency section */

/* Begin XCBuildConfiguration section */
		0A66F3E52D8936EC00704193 /* Debug */ = {
			isa = XCBuildConfiguration;
			buildSettings = {
				ALWAYS_SEARCH_USER_PATHS = NO;
				ASSETCATALOG_COMPILER_GENERATE_SWIFT_ASSET_SYMBOL_EXTENSIONS = YES;
				CLANG_ANALYZER_NONNULL = YES;
				CLANG_ANALYZER_NUMBER_OBJECT_CONVERSION = YES_AGGRESSIVE;
				CLANG_CXX_LANGUAGE_STANDARD = "gnu++20";
				CLANG_ENABLE_MODULES = YES;
				CLANG_ENABLE_OBJC_ARC = YES;
				CLANG_ENABLE_OBJC_WEAK = YES;
				CLANG_WARN_BLOCK_CAPTURE_AUTORELEASING = YES;
				CLANG_WARN_BOOL_CONVERSION = YES;
				CLANG_WARN_COMMA = YES;
				CLANG_WARN_CONSTANT_CONVERSION = YES;
				CLANG_WARN_DEPRECATED_OBJC_IMPLEMENTATIONS = YES;
				CLANG_WARN_DIRECT_OBJC_ISA_USAGE = YES_ERROR;
				CLANG_WARN_DOCUMENTATION_COMMENTS = YES;
				CLANG_WARN_EMPTY_BODY = YES;
				CLANG_WARN_ENUM_CONVERSION = YES;
				CLANG_WARN_INFINITE_RECURSION = YES;
				CLANG_WARN_INT_CONVERSION = YES;
				CLANG_WARN_NON_LITERAL_NULL_CONVERSION = YES;
				CLANG_WARN_OBJC_IMPLICIT_RETAIN_SELF = YES;
				CLANG_WARN_OBJC_LITERAL_CONVERSION = YES;
				CLANG_WARN_OBJC_ROOT_CLASS = YES_ERROR;
				CLANG_WARN_QUOTED_INCLUDE_IN_FRAMEWORK_HEADER = YES;
				CLANG_WARN_RANGE_LOOP_ANALYSIS = YES;
				CLANG_WARN_STRICT_PROTOTYPES = YES;
				CLANG_WARN_SUSPICIOUS_MOVE = YES;
				CLANG_WARN_UNGUARDED_AVAILABILITY = YES_AGGRESSIVE;
				CLANG_WARN_UNREACHABLE_CODE = YES;
				CLANG_WARN__DUPLICATE_METHOD_MATCH = YES;
				COPY_PHASE_STRIP = NO;
				DEBUG_INFORMATION_FORMAT = dwarf;
				ENABLE_STRICT_OBJC_MSGSEND = YES;
				ENABLE_TESTABILITY = YES;
				ENABLE_USER_SCRIPT_SANDBOXING = YES;
				GCC_C_LANGUAGE_STANDARD = gnu17;
				GCC_DYNAMIC_NO_PIC = NO;
				GCC_NO_COMMON_BLOCKS = YES;
				GCC_OPTIMIZATION_LEVEL = 0;
				GCC_PREPROCESSOR_DEFINITIONS = (
					"DEBUG=1",
					"$(inherited)",
				);
				GCC_WARN_64_TO_32_BIT_CONVERSION = YES;
				GCC_WARN_ABOUT_RETURN_TYPE = YES_ERROR;
				GCC_WARN_UNDECLARED_SELECTOR = YES;
				GCC_WARN_UNINITIALIZED_AUTOS = YES_AGGRESSIVE;
				GCC_WARN_UNUSED_FUNCTION = YES;
				GCC_WARN_UNUSED_VARIABLE = YES;
				IPHONEOS_DEPLOYMENT_TARGET = 18.2;
				LOCALIZATION_PREFERS_STRING_CATALOGS = YES;
				MTL_ENABLE_DEBUG_INFO = INCLUDE_SOURCE;
				MTL_FAST_MATH = YES;
				ONLY_ACTIVE_ARCH = YES;
				SDKROOT = iphoneos;
				SWIFT_ACTIVE_COMPILATION_CONDITIONS = "DEBUG $(inherited)";
				SWIFT_OPTIMIZATION_LEVEL = "-Onone";
			};
			name = Debug;
		};
		0A66F3E62D8936EC00704193 /* Release */ = {
			isa = XCBuildConfiguration;
			buildSettings = {
				ALWAYS_SEARCH_USER_PATHS = NO;
				ASSETCATALOG_COMPILER_GENERATE_SWIFT_ASSET_SYMBOL_EXTENSIONS = YES;
				CLANG_ANALYZER_NONNULL = YES;
				CLANG_ANALYZER_NUMBER_OBJECT_CONVERSION = YES_AGGRESSIVE;
				CLANG_CXX_LANGUAGE_STANDARD = "gnu++20";
				CLANG_ENABLE_MODULES = YES;
				CLANG_ENABLE_OBJC_ARC = YES;
				CLANG_ENABLE_OBJC_WEAK = YES;
				CLANG_WARN_BLOCK_CAPTURE_AUTORELEASING = YES;
				CLANG_WARN_BOOL_CONVERSION = YES;
				CLANG_WARN_COMMA = YES;
				CLANG_WARN_CONSTANT_CONVERSION = YES;
				CLANG_WARN_DEPRECATED_OBJC_IMPLEMENTATIONS = YES;
				CLANG_WARN_DIRECT_OBJC_ISA_USAGE = YES_ERROR;
				CLANG_WARN_DOCUMENTATION_COMMENTS = YES;
				CLANG_WARN_EMPTY_BODY = YES;
				CLANG_WARN_ENUM_CONVERSION = YES;
				CLANG_WARN_INFINITE_RECURSION = YES;
				CLANG_WARN_INT_CONVERSION = YES;
				CLANG_WARN_NON_LITERAL_NULL_CONVERSION = YES;
				CLANG_WARN_OBJC_IMPLICIT_RETAIN_SELF = YES;
				CLANG_WARN_OBJC_LITERAL_CONVERSION = YES;
				CLANG_WARN_OBJC_ROOT_CLASS = YES_ERROR;
				CLANG_WARN_QUOTED_INCLUDE_IN_FRAMEWORK_HEADER = YES;
				CLANG_WARN_RANGE_LOOP_ANALYSIS = YES;
				CLANG_WARN_STRICT_PROTOTYPES = YES;
				CLANG_WARN_SUSPICIOUS_MOVE = YES;
				CLANG_WARN_UNGUARDED_AVAILABILITY = YES_AGGRESSIVE;
				CLANG_WARN_UNREACHABLE_CODE = YES;
				CLANG_WARN__DUPLICATE_METHOD_MATCH = YES;
				COPY_PHASE_STRIP = NO;
				DEBUG_INFORMATION_FORMAT = "dwarf-with-dsym";
				ENABLE_NS_ASSERTIONS = NO;
				ENABLE_STRICT_OBJC_MSGSEND = YES;
				ENABLE_USER_SCRIPT_SANDBOXING = YES;
				GCC_C_LANGUAGE_STANDARD = gnu17;
				GCC_NO_COMMON_BLOCKS = YES;
				GCC_WARN_64_TO_32_BIT_CONVERSION = YES;
				GCC_WARN_ABOUT_RETURN_TYPE = YES_ERROR;
				GCC_WARN_UNDECLARED_SELECTOR = YES;
				GCC_WARN_UNINITIALIZED_AUTOS = YES_AGGRESSIVE;
				GCC_WARN_UNUSED_FUNCTION = YES;
				GCC_WARN_UNUSED_VARIABLE = YES;
				IPHONEOS_DEPLOYMENT_TARGET = 18.2;
				LOCALIZATION_PREFERS_STRING_CATALOGS = YES;
				MTL_ENABLE_DEBUG_INFO = NO;
				MTL_FAST_MATH = YES;
				SDKROOT = iphoneos;
				SWIFT_COMPILATION_MODE = wholemodule;
				VALIDATE_PRODUCT = YES;
			};
			name = Release;
		};
		0A66F3E82D8936EC00704193 /* Debug */ = {
			isa = XCBuildConfiguration;
			buildSettings = {
				ASSETCATALOG_COMPILER_APPICON_NAME = AppIcon;
				ASSETCATALOG_COMPILER_GLOBAL_ACCENT_COLOR_NAME = AccentColor;
				CODE_SIGN_STYLE = Automatic;
				CURRENT_PROJECT_VERSION = 1;
				DEVELOPMENT_ASSET_PATHS = "\"DasherHomescreen/Preview Content\"";
				DEVELOPMENT_TEAM = VJ6T7FHHKM;
				ENABLE_PREVIEWS = YES;
				GENERATE_INFOPLIST_FILE = YES;
				INFOPLIST_FILE = DasherHomescreen/Info.plist;
				INFOPLIST_KEY_UIApplicationSceneManifest_Generation = YES;
				INFOPLIST_KEY_UIApplicationSupportsIndirectInputEvents = YES;
				INFOPLIST_KEY_UILaunchScreen_Generation = YES;
				INFOPLIST_KEY_UISupportedInterfaceOrientations_iPad = "UIInterfaceOrientationPortrait UIInterfaceOrientationPortraitUpsideDown UIInterfaceOrientationLandscapeLeft UIInterfaceOrientationLandscapeRight";
				INFOPLIST_KEY_UISupportedInterfaceOrientations_iPhone = "UIInterfaceOrientationPortrait UIInterfaceOrientationLandscapeLeft UIInterfaceOrientationLandscapeRight";
				LD_RUNPATH_SEARCH_PATHS = (
					"$(inherited)",
					"@executable_path/Frameworks",
				);
				MARKETING_VERSION = 1.0;
				PRODUCT_BUNDLE_IDENTIFIER = com.AkhilDakinedi.DasherHomescreen;
				PRODUCT_NAME = "$(TARGET_NAME)";
				SWIFT_EMIT_LOC_STRINGS = YES;
				SWIFT_VERSION = 5.0;
				TARGETED_DEVICE_FAMILY = "1,2";
			};
			name = Debug;
		};
		0A66F3E92D8936EC00704193 /* Release */ = {
			isa = XCBuildConfiguration;
			buildSettings = {
				ASSETCATALOG_COMPILER_APPICON_NAME = AppIcon;
				ASSETCATALOG_COMPILER_GLOBAL_ACCENT_COLOR_NAME = AccentColor;
				CODE_SIGN_STYLE = Automatic;
				CURRENT_PROJECT_VERSION = 1;
				DEVELOPMENT_ASSET_PATHS = "\"DasherHomescreen/Preview Content\"";
				DEVELOPMENT_TEAM = VJ6T7FHHKM;
				ENABLE_PREVIEWS = YES;
				GENERATE_INFOPLIST_FILE = YES;
				INFOPLIST_FILE = DasherHomescreen/Info.plist;
				INFOPLIST_KEY_UIApplicationSceneManifest_Generation = YES;
				INFOPLIST_KEY_UIApplicationSupportsIndirectInputEvents = YES;
				INFOPLIST_KEY_UILaunchScreen_Generation = YES;
				INFOPLIST_KEY_UISupportedInterfaceOrientations_iPad = "UIInterfaceOrientationPortrait UIInterfaceOrientationPortraitUpsideDown UIInterfaceOrientationLandscapeLeft UIInterfaceOrientationLandscapeRight";
				INFOPLIST_KEY_UISupportedInterfaceOrientations_iPhone = "UIInterfaceOrientationPortrait UIInterfaceOrientationLandscapeLeft UIInterfaceOrientationLandscapeRight";
				LD_RUNPATH_SEARCH_PATHS = (
					"$(inherited)",
					"@executable_path/Frameworks",
				);
				MARKETING_VERSION = 1.0;
				PRODUCT_BUNDLE_IDENTIFIER = com.AkhilDakinedi.DasherHomescreen;
				PRODUCT_NAME = "$(TARGET_NAME)";
				SWIFT_EMIT_LOC_STRINGS = YES;
				SWIFT_VERSION = 5.0;
				TARGETED_DEVICE_FAMILY = "1,2";
			};
			name = Release;
		};
		0A66F3EB2D8936EC00704193 /* Debug */ = {
			isa = XCBuildConfiguration;
			buildSettings = {
				BUNDLE_LOADER = "$(TEST_HOST)";
				CODE_SIGN_STYLE = Automatic;
				CURRENT_PROJECT_VERSION = 1;
				DEVELOPMENT_TEAM = VJ6T7FHHKM;
				GENERATE_INFOPLIST_FILE = YES;
				IPHONEOS_DEPLOYMENT_TARGET = 18.2;
				MARKETING_VERSION = 1.0;
				PRODUCT_BUNDLE_IDENTIFIER = com.AkhilDakinedi.DasherHomescreenTests;
				PRODUCT_NAME = "$(TARGET_NAME)";
				SWIFT_EMIT_LOC_STRINGS = NO;
				SWIFT_VERSION = 5.0;
				TARGETED_DEVICE_FAMILY = "1,2";
				TEST_HOST = "$(BUILT_PRODUCTS_DIR)/DasherHomescreen.app/$(BUNDLE_EXECUTABLE_FOLDER_PATH)/DasherHomescreen";
			};
			name = Debug;
		};
		0A66F3EC2D8936EC00704193 /* Release */ = {
			isa = XCBuildConfiguration;
			buildSettings = {
				BUNDLE_LOADER = "$(TEST_HOST)";
				CODE_SIGN_STYLE = Automatic;
				CURRENT_PROJECT_VERSION = 1;
				DEVELOPMENT_TEAM = VJ6T7FHHKM;
				GENERATE_INFOPLIST_FILE = YES;
				IPHONEOS_DEPLOYMENT_TARGET = 18.2;
				MARKETING_VERSION = 1.0;
				PRODUCT_BUNDLE_IDENTIFIER = com.AkhilDakinedi.DasherHomescreenTests;
				PRODUCT_NAME = "$(TARGET_NAME)";
				SWIFT_EMIT_LOC_STRINGS = NO;
				SWIFT_VERSION = 5.0;
				TARGETED_DEVICE_FAMILY = "1,2";
				TEST_HOST = "$(BUILT_PRODUCTS_DIR)/DasherHomescreen.app/$(BUNDLE_EXECUTABLE_FOLDER_PATH)/DasherHomescreen";
			};
			name = Release;
		};
		0A66F3EE2D8936EC00704193 /* Debug */ = {
			isa = XCBuildConfiguration;
			buildSettings = {
				CODE_SIGN_STYLE = Automatic;
				CURRENT_PROJECT_VERSION = 1;
				DEVELOPMENT_TEAM = VJ6T7FHHKM;
				GENERATE_INFOPLIST_FILE = YES;
				MARKETING_VERSION = 1.0;
				PRODUCT_BUNDLE_IDENTIFIER = com.AkhilDakinedi.DasherHomescreenUITests;
				PRODUCT_NAME = "$(TARGET_NAME)";
				SWIFT_EMIT_LOC_STRINGS = NO;
				SWIFT_VERSION = 5.0;
				TARGETED_DEVICE_FAMILY = "1,2";
				TEST_TARGET_NAME = DasherHomescreen;
			};
			name = Debug;
		};
		0A66F3EF2D8936EC00704193 /* Release */ = {
			isa = XCBuildConfiguration;
			buildSettings = {
				CODE_SIGN_STYLE = Automatic;
				CURRENT_PROJECT_VERSION = 1;
				DEVELOPMENT_TEAM = VJ6T7FHHKM;
				GENERATE_INFOPLIST_FILE = YES;
				MARKETING_VERSION = 1.0;
				PRODUCT_BUNDLE_IDENTIFIER = com.AkhilDakinedi.DasherHomescreenUITests;
				PRODUCT_NAME = "$(TARGET_NAME)";
				SWIFT_EMIT_LOC_STRINGS = NO;
				SWIFT_VERSION = 5.0;
				TARGETED_DEVICE_FAMILY = "1,2";
				TEST_TARGET_NAME = DasherHomescreen;
			};
			name = Release;
		};
/* End XCBuildConfiguration section */

/* Begin XCConfigurationList section */
		0A66F3BE2D8936EB00704193 /* Build configuration list for PBXProject "DasherHomescreen" */ = {
			isa = XCConfigurationList;
			buildConfigurations = (
				0A66F3E52D8936EC00704193 /* Debug */,
				0A66F3E62D8936EC00704193 /* Release */,
			);
			defaultConfigurationIsVisible = 0;
			defaultConfigurationName = Release;
		};
		0A66F3E72D8936EC00704193 /* Build configuration list for PBXNativeTarget "DasherHomescreen" */ = {
			isa = XCConfigurationList;
			buildConfigurations = (
				0A66F3E82D8936EC00704193 /* Debug */,
				0A66F3E92D8936EC00704193 /* Release */,
			);
			defaultConfigurationIsVisible = 0;
			defaultConfigurationName = Release;
		};
		0A66F3EA2D8936EC00704193 /* Build configuration list for PBXNativeTarget "DasherHomescreenTests" */ = {
			isa = XCConfigurationList;
			buildConfigurations = (
				0A66F3EB2D8936EC00704193 /* Debug */,
				0A66F3EC2D8936EC00704193 /* Release */,
			);
			defaultConfigurationIsVisible = 0;
			defaultConfigurationName = Release;
		};
		0A66F3ED2D8936EC00704193 /* Build configuration list for PBXNativeTarget "DasherHomescreenUITests" */ = {
			isa = XCConfigurationList;
			buildConfigurations = (
				0A66F3EE2D8936EC00704193 /* Debug */,
				0A66F3EF2D8936EC00704193 /* Release */,
			);
			defaultConfigurationIsVisible = 0;
			defaultConfigurationName = Release;
		};
/* End XCConfigurationList section */

/* Begin XCRemoteSwiftPackageReference section */
		0A66F3F42D8940DA00704193 /* XCRemoteSwiftPackageReference "mapbox-maps-ios" */ = {
			isa = XCRemoteSwiftPackageReference;
			repositoryURL = "https://github.com/mapbox/mapbox-maps-ios.git";
			requirement = {
				kind = upToNextMajorVersion;
				minimumVersion = 11.0.0;
			};
		};
/* End XCRemoteSwiftPackageReference section */

/* Begin XCSwiftPackageProductDependency section */
		0A66F3F52D8940DA00704193 /* MapboxMaps */ = {
			isa = XCSwiftPackageProductDependency;
			package = 0A66F3F42D8940DA00704193 /* XCRemoteSwiftPackageReference "mapbox-maps-ios" */;
			productName = MapboxMaps;
		};
		0A66F3F82D89422C00704193 /* MapboxMaps */ = {
			isa = XCSwiftPackageProductDependency;
			package = 0A66F3F42D8940DA00704193 /* XCRemoteSwiftPackageReference "mapbox-maps-ios" */;
			productName = MapboxMaps;
		};
/* End XCSwiftPackageProductDependency section */
	};
	rootObject = 0A66F3BB2D8936EB00704193 /* Project object */;
}
